
Microsoft Visual Studio Solution File, Format Version 12.00
# Visual Studio 15
VisualStudioVersion = 15.0.28307.271
MinimumVisualStudioVersion = 10.0.40219.1
Project("{8BC9CEB8-8B4A-11D0-8D11-00A0C91BC942}") = "First_Midterm_OOP2_SC", "First_Midterm_OOP2_SC\First_Midterm_OOP2_SC.vcxproj", "{9BAEB106-6C75-4F6F-ABCC-4470F53487D0}"
EndProject
Global
	GlobalSection(SolutionConfigurationPlatforms) = preSolution
		Debug|x64 = Debug|x64
		Debug|x86 = Debug|x86
		Release|x64 = Release|x64
		Release|x86 = Release|x86
	EndGlobalSection
	GlobalSection(ProjectConfigurationPlatforms) = postSolution
		{9BAEB106-6C75-4F6F-ABCC-4470F53487D0}.Debug|x64.ActiveCfg = Debug|x64
		{9BAEB106-6C75-4F6F-ABCC-4470F53487D0}.Debug|x64.Build.0 = Debug|x64
		{9BAEB106-6C75-4F6F-ABCC-4470F53487D0}.Debug|x86.ActiveCfg = Debug|Win32
		{9BAEB106-6C75-4F6F-ABCC-4470F53487D0}.Debug|x86.Build.0 = Debug|Win32
		{9BAEB106-6C75-4F6F-ABCC-4470F53487D0}.Release|x64.ActiveCfg = Release|x64
		{9BAEB106-6C75-4F6F-ABCC-4470F53487D0}.Release|x64.Build.0 = Release|x64
		{9BAEB106-6C75-4F6F-ABCC-4470F53487D0}.Release|x86.ActiveCfg = Release|Win32
		{9BAEB106-6C75-4F6F-ABCC-4470F53487D0}.Release|x86.Build.0 = Release|Win32
	EndGlobalSection
	GlobalSection(SolutionProperties) = preSolution
		HideSolutionNode = FALSE
	EndGlobalSection
	GlobalSection(ExtensibilityGlobals) = postSolution
		SolutionGuid = {9DD2D9E8-7D9C-4AFB-90FE-8F3E82855204}
	EndGlobalSection
EndGlobal
